
Microsoft Visual Studio Solution File, Format Version 12.00
# Visual Studio Version 17
VisualStudioVersion = 17.9.34607.119
MinimumVisualStudioVersion = 10.0.40219.1
Project("{FAE04EC0-301F-11D3-BF4B-00C04F79EFBC}") = "C#Basic04", "C#Basic04\C#Basic04.csproj", "{068CC03E-4044-4B6C-B6D8-EBBB22B16B84}"
EndProject
Project("{FAE04EC0-301F-11D3-BF4B-00C04F79EFBC}") = "Assignment", "Assignment\Assignment.csproj", "{3AD4A396-D3D7-4BFC-A6A0-1D9383272996}"
EndProject
Global
	GlobalSection(SolutionConfigurationPlatforms) = preSolution
		Debug|Any CPU = Debug|Any CPU
		Release|Any CPU = Release|Any CPU
	EndGlobalSection
	GlobalSection(ProjectConfigurationPlatforms) = postSolution
		{068CC03E-4044-4B6C-B6D8-EBBB22B16B84}.Debug|Any CPU.ActiveCfg = Debug|Any CPU
		{068CC03E-4044-4B6C-B6D8-EBBB22B16B84}.Debug|Any CPU.Build.0 = Debug|Any CPU
		{068CC03E-4044-4B6C-B6D8-EBBB22B16B84}.Release|Any CPU.ActiveCfg = Release|Any CPU
		{068CC03E-4044-4B6C-B6D8-EBBB22B16B84}.Release|Any CPU.Build.0 = Release|Any CPU
		{3AD4A396-D3D7-4BFC-A6A0-1D9383272996}.Debug|Any CPU.ActiveCfg = Debug|Any CPU
		{3AD4A396-D3D7-4BFC-A6A0-1D9383272996}.Debug|Any CPU.Build.0 = Debug|Any CPU
		{3AD4A396-D3D7-4BFC-A6A0-1D9383272996}.Release|Any CPU.ActiveCfg = Release|Any CPU
		{3AD4A396-D3D7-4BFC-A6A0-1D9383272996}.Release|Any CPU.Build.0 = Release|Any CPU
	EndGlobalSection
	GlobalSection(SolutionProperties) = preSolution
		HideSolutionNode = FALSE
	EndGlobalSection
	GlobalSection(ExtensibilityGlobals) = postSolution
		SolutionGuid = {B2895BD6-A208-410F-B5BD-6FF5FF809921}
	EndGlobalSection
EndGlobal
